
Microsoft Visual Studio Solution File, Format Version 12.00
# Visual Studio Version 16
VisualStudioVersion = 16.0.31019.35
MinimumVisualStudioVersion = 10.0.40219.1
Project("{FAE04EC0-301F-11D3-BF4B-00C04F79EFBC}") = "TGrath", "TGrath\TGrath.csproj", "{069B8BD5-97F7-44EF-8EE4-3B6291B59183}"
EndProject
Global
	GlobalSection(SolutionConfigurationPlatforms) = preSolution
		Debug|Any CPU = Debug|Any CPU
		Release|Any CPU = Release|Any CPU
	EndGlobalSection
	GlobalSection(ProjectConfigurationPlatforms) = postSolution
		{069B8BD5-97F7-44EF-8EE4-3B6291B59183}.Debug|Any CPU.ActiveCfg = Debug|Any CPU
		{069B8BD5-97F7-44EF-8EE4-3B6291B59183}.Debug|Any CPU.Build.0 = Debug|Any CPU
		{069B8BD5-97F7-44EF-8EE4-3B6291B59183}.Release|Any CPU.ActiveCfg = Release|Any CPU
		{069B8BD5-97F7-44EF-8EE4-3B6291B59183}.Release|Any CPU.Build.0 = Release|Any CPU
	EndGlobalSection
	GlobalSection(SolutionProperties) = preSolution
		HideSolutionNode = FALSE
	EndGlobalSection
	GlobalSection(ExtensibilityGlobals) = postSolution
		SolutionGuid = {96BF41A7-526C-4E4F-94C1-825325CAE701}
	EndGlobalSection
EndGlobal
